
Microsoft Visual Studio Solution File, Format Version 12.00
# Visual Studio Version 17
VisualStudioVersion = 17.5.33516.290
MinimumVisualStudioVersion = 10.0.40219.1
Project("{FAE04EC0-301F-11D3-BF4B-00C04F79EFBC}") = "ToddsApp", "ToddsApp\ToddsApp.csproj", "{0B4B9C48-8C60-45B2-B668-CFDB771BA60A}"
EndProject
Project("{FAE04EC0-301F-11D3-BF4B-00C04F79EFBC}") = "ToddsAPI", "ToddsAPI\ToddsAPI.csproj", "{88098834-AD44-4424-A347-33508E134D60}"
EndProject
Global
	GlobalSection(SolutionConfigurationPlatforms) = preSolution
		Debug|Any CPU = Debug|Any CPU
		Release|Any CPU = Release|Any CPU
	EndGlobalSection
	GlobalSection(ProjectConfigurationPlatforms) = postSolution
		{0B4B9C48-8C60-45B2-B668-CFDB771BA60A}.Debug|Any CPU.ActiveCfg = Debug|Any CPU
		{0B4B9C48-8C60-45B2-B668-CFDB771BA60A}.Debug|Any CPU.Build.0 = Debug|Any CPU
		{0B4B9C48-8C60-45B2-B668-CFDB771BA60A}.Release|Any CPU.ActiveCfg = Release|Any CPU
		{0B4B9C48-8C60-45B2-B668-CFDB771BA60A}.Release|Any CPU.Build.0 = Release|Any CPU
		{88098834-AD44-4424-A347-33508E134D60}.Debug|Any CPU.ActiveCfg = Debug|Any CPU
		{88098834-AD44-4424-A347-33508E134D60}.Debug|Any CPU.Build.0 = Debug|Any CPU
		{88098834-AD44-4424-A347-33508E134D60}.Release|Any CPU.ActiveCfg = Release|Any CPU
		{88098834-AD44-4424-A347-33508E134D60}.Release|Any CPU.Build.0 = Release|Any CPU
	EndGlobalSection
	GlobalSection(SolutionProperties) = preSolution
		HideSolutionNode = FALSE
	EndGlobalSection
	GlobalSection(ExtensibilityGlobals) = postSolution
		SolutionGuid = {FF9072C4-EB36-4598-83F1-680839BC1DDD}
	EndGlobalSection
EndGlobal
